
Microsoft Visual Studio Solution File, Format Version 12.00
# Visual Studio Version 17
VisualStudioVersion = 17.7.34031.279
MinimumVisualStudioVersion = 10.0.40219.1
Project("{FAE04EC0-301F-11D3-BF4B-00C04F79EFBC}") = "Cial", "Cial\Cial.csproj", "{33F56666-85FB-4D92-AF71-D306AB21D61A}"
EndProject
Global
	GlobalSection(SolutionConfigurationPlatforms) = preSolution
		Debug|Any CPU = Debug|Any CPU
		Release|Any CPU = Release|Any CPU
	EndGlobalSection
	GlobalSection(ProjectConfigurationPlatforms) = postSolution
		{33F56666-85FB-4D92-AF71-D306AB21D61A}.Debug|Any CPU.ActiveCfg = Debug|Any CPU
		{33F56666-85FB-4D92-AF71-D306AB21D61A}.Debug|Any CPU.Build.0 = Debug|Any CPU
		{33F56666-85FB-4D92-AF71-D306AB21D61A}.Release|Any CPU.ActiveCfg = Release|Any CPU
		{33F56666-85FB-4D92-AF71-D306AB21D61A}.Release|Any CPU.Build.0 = Release|Any CPU
	EndGlobalSection
	GlobalSection(SolutionProperties) = preSolution
		HideSolutionNode = FALSE
	EndGlobalSection
	GlobalSection(ExtensibilityGlobals) = postSolution
		SolutionGuid = {11FF53F4-1386-4C17-BC10-4634B8F9469D}
	EndGlobalSection
EndGlobal
